// !$*UTF8*$!
{
	archiveVersion = 1;
	classes = {
	};
	objectVersion = 46;
	objects = {

/* Begin PBXBuildFile section */
		2928AEAA1F6659CE00C83BB3 /* DetailViewController.swift in Sources */ = {isa = PBXBuildFile; fileRef = 2928AEA81F6659CE00C83BB3 /* DetailViewController.swift */; };
		2928AEAB1F6659CE00C83BB3 /* DetailViewController.xib in Resources */ = {isa = PBXBuildFile; fileRef = 2928AEA91F6659CE00C83BB3 /* DetailViewController.xib */; };
		29E1F8231F65E15700DF7BD8 /* AppDelegate.swift in Sources */ = {isa = PBXBuildFile; fileRef = 29E1F8221F65E15700DF7BD8 /* AppDelegate.swift */; };
		29E1F8251F65E15700DF7BD8 /* ViewController.swift in Sources */ = {isa = PBXBuildFile; fileRef = 29E1F8241F65E15700DF7BD8 /* ViewController.swift */; };
		29E1F8281F65E15700DF7BD8 /* Main.storyboard in Resources */ = {isa = PBXBuildFile; fileRef = 29E1F8261F65E15700DF7BD8 /* Main.storyboard */; };
		29E1F82A1F65E15700DF7BD8 /* Assets.xcassets in Resources */ = {isa = PBXBuildFile; fileRef = 29E1F8291F65E15700DF7BD8 /* Assets.xcassets */; };
		29E1F82D1F65E15700DF7BD8 /* LaunchScreen.storyboard in Resources */ = {isa = PBXBuildFile; fileRef = 29E1F82B1F65E15700DF7BD8 /* LaunchScreen.storyboard */; };
		29E1F83E1F65E2C100DF7BD8 /* nssl0033.jpg in Resources */ = {isa = PBXBuildFile; fileRef = 29E1F8341F65E2C100DF7BD8 /* nssl0033.jpg */; };
		29E1F83F1F65E2C100DF7BD8 /* nssl0034.jpg in Resources */ = {isa = PBXBuildFile; fileRef = 29E1F8351F65E2C100DF7BD8 /* nssl0034.jpg */; };
		29E1F8401F65E2C100DF7BD8 /* nssl0041.jpg in Resources */ = {isa = PBXBuildFile; fileRef = 29E1F8361F65E2C100DF7BD8 /* nssl0041.jpg */; };
		29E1F8411F65E2C100DF7BD8 /* nssl0042.jpg in Resources */ = {isa = PBXBuildFile; fileRef = 29E1F8371F65E2C100DF7BD8 /* nssl0042.jpg */; };
		29E1F8421F65E2C100DF7BD8 /* nssl0043.jpg in Resources */ = {isa = PBXBuildFile; fileRef = 29E1F8381F65E2C100DF7BD8 /* nssl0043.jpg */; };
		29E1F8431F65E2C100DF7BD8 /* nssl0045.jpg in Resources */ = {isa = PBXBuildFile; fileRef = 29E1F8391F65E2C100DF7BD8 /* nssl0045.jpg */; };
		29E1F8441F65E2C100DF7BD8 /* nssl0046.jpg in Resources */ = {isa = PBXBuildFile; fileRef = 29E1F83A1F65E2C100DF7BD8 /* nssl0046.jpg */; };
		29E1F8451F65E2C100DF7BD8 /* nssl0049.jpg in Resources */ = {isa = PBXBuildFile; fileRef = 29E1F83B1F65E2C100DF7BD8 /* nssl0049.jpg */; };
		29E1F8461F65E2C100DF7BD8 /* nssl0051.jpg in Resources */ = {isa = PBXBuildFile; fileRef = 29E1F83C1F65E2C100DF7BD8 /* nssl0051.jpg */; };
		29E1F8471F65E2C100DF7BD8 /* nssl0091.jpg in Resources */ = {isa = PBXBuildFile; fileRef = 29E1F83D1F65E2C100DF7BD8 /* nssl0091.jpg */; };
/* End PBXBuildFile section */

/* Begin PBXFileReference section */
		2928AEA81F6659CE00C83BB3 /* DetailViewController.swift */ = {isa = PBXFileReference; fileEncoding = 4; lastKnownFileType = sourcecode.swift; path = DetailViewController.swift; sourceTree = "<group>"; };
		2928AEA91F6659CE00C83BB3 /* DetailViewController.xib */ = {isa = PBXFileReference; fileEncoding = 4; lastKnownFileType = file.xib; path = DetailViewController.xib; sourceTree = "<group>"; };
		29E1F81F1F65E15700DF7BD8 /* Project1.app */ = {isa = PBXFileReference; explicitFileType = wrapper.application; includeInIndex = 0; path = Project1.app; sourceTree = BUILT_PRODUCTS_DIR; };
		29E1F8221F65E15700DF7BD8 /* AppDelegate.swift */ = {isa = PBXFileReference; lastKnownFileType = sourcecode.swift; path = AppDelegate.swift; sourceTree = "<group>"; };
		29E1F8241F65E15700DF7BD8 /* ViewController.swift */ = {isa = PBXFileReference; lastKnownFileType = sourcecode.swift; path = ViewController.swift; sourceTree = "<group>"; };
		29E1F8271F65E15700DF7BD8 /* Base */ = {isa = PBXFileReference; lastKnownFileType = file.storyboard; name = Base; path = Base.lproj/Main.storyboard; sourceTree = "<group>"; };
		29E1F8291F65E15700DF7BD8 /* Assets.xcassets */ = {isa = PBXFileReference; lastKnownFileType = folder.assetcatalog; path = Assets.xcassets; sourceTree = "<group>"; };
		29E1F82C1F65E15700DF7BD8 /* Base */ = {isa = PBXFileReference; lastKnownFileType = file.storyboard; name = Base; path = Base.lproj/LaunchScreen.storyboard; sourceTree = "<group>"; };
		29E1F82E1F65E15700DF7BD8 /* Info.plist */ = {isa = PBXFileReference; lastKnownFileType = text.plist.xml; path = Info.plist; sourceTree = "<group>"; };
		29E1F8341F65E2C100DF7BD8 /* nssl0033.jpg */ = {isa = PBXFileReference; lastKnownFileType = image.jpeg; path = nssl0033.jpg; sourceTree = "<group>"; };
		29E1F8351F65E2C100DF7BD8 /* nssl0034.jpg */ = {isa = PBXFileReference; lastKnownFileType = image.jpeg; path = nssl0034.jpg; sourceTree = "<group>"; };
		29E1F8361F65E2C100DF7BD8 /* nssl0041.jpg */ = {isa = PBXFileReference; lastKnownFileType = image.jpeg; path = nssl0041.jpg; sourceTree = "<group>"; };
		29E1F8371F65E2C100DF7BD8 /* nssl0042.jpg */ = {isa = PBXFileReference; lastKnownFileType = image.jpeg; path = nssl0042.jpg; sourceTree = "<group>"; };
		29E1F8381F65E2C100DF7BD8 /* nssl0043.jpg */ = {isa = PBXFileReference; lastKnownFileType = image.jpeg; path = nssl0043.jpg; sourceTree = "<group>"; };
		29E1F8391F65E2C100DF7BD8 /* nssl0045.jpg */ = {isa = PBXFileReference; lastKnownFileType = image.jpeg; path = nssl0045.jpg; sourceTree = "<group>"; };
		29E1F83A1F65E2C100DF7BD8 /* nssl0046.jpg */ = {isa = PBXFileReference; lastKnownFileType = image.jpeg; path = nssl0046.jpg; sourceTree = "<group>"; };
		29E1F83B1F65E2C100DF7BD8 /* nssl0049.jpg */ = {isa = PBXFileReference; lastKnownFileType = image.jpeg; path = nssl0049.jpg; sourceTree = "<group>"; };
		29E1F83C1F65E2C100DF7BD8 /* nssl0051.jpg */ = {isa = PBXFileReference; lastKnownFileType = image.jpeg; path = nssl0051.jpg; sourceTree = "<group>"; };
		29E1F83D1F65E2C100DF7BD8 /* nssl0091.jpg */ = {isa = PBXFileReference; lastKnownFileType = image.jpeg; path = nssl0091.jpg; sourceTree = "<group>"; };
/* End PBXFileReference section */

/* Begin PBXFrameworksBuildPhase section */
		29E1F81C1F65E15700DF7BD8 /* Frameworks */ = {
			isa = PBXFrameworksBuildPhase;
			buildActionMask = 2147483647;
			files = (
			);
			runOnlyForDeploymentPostprocessing = 0;
		};
/* End PBXFrameworksBuildPhase section */

/* Begin PBXGroup section */
		29E1F8161F65E15700DF7BD8 = {
			isa = PBXGroup;
			children = (
				29E1F8211F65E15700DF7BD8 /* Project1 */,
				29E1F8201F65E15700DF7BD8 /* Products */,
			);
			sourceTree = "<group>";
		};
		29E1F8201F65E15700DF7BD8 /* Products */ = {
			isa = PBXGroup;
			children = (
				29E1F81F1F65E15700DF7BD8 /* Project1.app */,
			);
			name = Products;
			sourceTree = "<group>";
		};
		29E1F8211F65E15700DF7BD8 /* Project1 */ = {
			isa = PBXGroup;
			children = (
				29E1F8221F65E15700DF7BD8 /* AppDelegate.swift */,
				29E1F8241F65E15700DF7BD8 /* ViewController.swift */,
				2928AEA81F6659CE00C83BB3 /* DetailViewController.swift */,
				2928AEA91F6659CE00C83BB3 /* DetailViewController.xib */,
				29E1F8261F65E15700DF7BD8 /* Main.storyboard */,
				29E1F8291F65E15700DF7BD8 /* Assets.xcassets */,
				29E1F82B1F65E15700DF7BD8 /* LaunchScreen.storyboard */,
				29E1F82E1F65E15700DF7BD8 /* Info.plist */,
				29E1F8481F65E2E100DF7BD8 /* Content */,
			);
			path = Project1;
			sourceTree = "<group>";
		};
		29E1F8481F65E2E100DF7BD8 /* Content */ = {
			isa = PBXGroup;
			children = (
				29E1F8341F65E2C100DF7BD8 /* nssl0033.jpg */,
				29E1F8351F65E2C100DF7BD8 /* nssl0034.jpg */,
				29E1F8361F65E2C100DF7BD8 /* nssl0041.jpg */,
				29E1F8371F65E2C100DF7BD8 /* nssl0042.jpg */,
				29E1F8381F65E2C100DF7BD8 /* nssl0043.jpg */,
				29E1F8391F65E2C100DF7BD8 /* nssl0045.jpg */,
				29E1F83A1F65E2C100DF7BD8 /* nssl0046.jpg */,
				29E1F83B1F65E2C100DF7BD8 /* nssl0049.jpg */,
				29E1F83C1F65E2C100DF7BD8 /* nssl0051.jpg */,
				29E1F83D1F65E2C100DF7BD8 /* nssl0091.jpg */,
			);
			name = Content;
			sourceTree = "<group>";
		};
/* End PBXGroup section */

/* Begin PBXNativeTarget section */
		29E1F81E1F65E15700DF7BD8 /* Project1 */ = {
			isa = PBXNativeTarget;
			buildConfigurationList = 29E1F8311F65E15700DF7BD8 /* Build configuration list for PBXNativeTarget "Project1" */;
			buildPhases = (
				29E1F81B1F65E15700DF7BD8 /* Sources */,
				29E1F81C1F65E15700DF7BD8 /* Frameworks */,
				29E1F81D1F65E15700DF7BD8 /* Resources */,
			);
			buildRules = (
			);
			dependencies = (
			);
			name = Project1;
			productName = Project1;
			productReference = 29E1F81F1F65E15700DF7BD8 /* Project1.app */;
			productType = "com.apple.product-type.application";
		};
/* End PBXNativeTarget section */

/* Begin PBXProject section */
		29E1F8171F65E15700DF7BD8 /* Project object */ = {
			isa = PBXProject;
			attributes = {
				LastSwiftUpdateCheck = 0830;
				LastUpgradeCheck = 0830;
				ORGANIZATIONNAME = schifano;
				TargetAttributes = {
					29E1F81E1F65E15700DF7BD8 = {
						CreatedOnToolsVersion = 8.3.3;
						DevelopmentTeam = MWRAZYEL66;
						ProvisioningStyle = Automatic;
					};
				};
			};
			buildConfigurationList = 29E1F81A1F65E15700DF7BD8 /* Build configuration list for PBXProject "Project1" */;
			compatibilityVersion = "Xcode 3.2";
			developmentRegion = English;
			hasScannedForEncodings = 0;
			knownRegions = (
				en,
				Base,
			);
			mainGroup = 29E1F8161F65E15700DF7BD8;
			productRefGroup = 29E1F8201F65E15700DF7BD8 /* Products */;
			projectDirPath = "";
			projectRoot = "";
			targets = (
				29E1F81E1F65E15700DF7BD8 /* Project1 */,
			);
		};
/* End PBXProject section */

/* Begin PBXResourcesBuildPhase section */
		29E1F81D1F65E15700DF7BD8 /* Resources */ = {
			isa = PBXResourcesBuildPhase;
			buildActionMask = 2147483647;
			files = (
				29E1F83F1F65E2C100DF7BD8 /* nssl0034.jpg in Resources */,
				29E1F8461F65E2C100DF7BD8 /* nssl0051.jpg in Resources */,
				29E1F82D1F65E15700DF7BD8 /* LaunchScreen.storyboard in Resources */,
				29E1F8421F65E2C100DF7BD8 /* nssl0043.jpg in Resources */,
				29E1F83E1F65E2C100DF7BD8 /* nssl0033.jpg in Resources */,
				29E1F8431F65E2C100DF7BD8 /* nssl0045.jpg in Resources */,
				29E1F8441F65E2C100DF7BD8 /* nssl0046.jpg in Resources */,
				29E1F8451F65E2C100DF7BD8 /* nssl0049.jpg in Resources */,
				29E1F8411F65E2C100DF7BD8 /* nssl0042.jpg in Resources */,
				2928AEAB1F6659CE00C83BB3 /* DetailViewController.xib in Resources */,
				29E1F82A1F65E15700DF7BD8 /* Assets.xcassets in Resources */,
				29E1F8471F65E2C100DF7BD8 /* nssl0091.jpg in Resources */,
				29E1F8401F65E2C100DF7BD8 /* nssl0041.jpg in Resources */,
				29E1F8281F65E15700DF7BD8 /* Main.storyboard in Resources */,
			);
			runOnlyForDeploymentPostprocessing = 0;
		};
/* End PBXResourcesBuildPhase section */

/* Begin PBXSourcesBuildPhase section */
		29E1F81B1F65E15700DF7BD8 /* Sources */ = {
			isa = PBXSourcesBuildPhase;
			buildActionMask = 2147483647;
			files = (
				2928AEAA1F6659CE00C83BB3 /* DetailViewController.swift in Sources */,
				29E1F8251F65E15700DF7BD8 /* ViewController.swift in Sources */,
				29E1F8231F65E15700DF7BD8 /* AppDelegate.swift in Sources */,
			);
			runOnlyForDeploymentPostprocessing = 0;
		};
/* End PBXSourcesBuildPhase section */

/* Begin PBXVariantGroup section */
		29E1F8261F65E15700DF7BD8 /* Main.storyboard */ = {
			isa = PBXVariantGroup;
			children = (
				29E1F8271F65E15700DF7BD8 /* Base */,
			);
			name = Main.storyboard;
			sourceTree = "<group>";
		};
		29E1F82B1F65E15700DF7BD8 /* LaunchScreen.storyboard */ = {
			isa = PBXVariantGroup;
			children = (
				29E1F82C1F65E15700DF7BD8 /* Base */,
			);
			name = LaunchScreen.storyboard;
			sourceTree = "<group>";
		};
/* End PBXVariantGroup section */

/* Begin XCBuildConfiguration section */
		29E1F82F1F65E15700DF7BD8 /* Debug */ = {
			isa = XCBuildConfiguration;
			buildSettings = {
				ALWAYS_SEARCH_USER_PATHS = NO;
				CLANG_ANALYZER_NONNULL = YES;
				CLANG_ANALYZER_NUMBER_OBJECT_CONVERSION = YES_AGGRESSIVE;
				CLANG_CXX_LANGUAGE_STANDARD = "gnu++0x";
				CLANG_CXX_LIBRARY = "libc++";
				CLANG_ENABLE_MODULES = YES;
				CLANG_ENABLE_OBJC_ARC = YES;
				CLANG_WARN_BOOL_CONVERSION = YES;
				CLANG_WARN_CONSTANT_CONVERSION = YES;
				CLANG_WARN_DIRECT_OBJC_ISA_USAGE = YES_ERROR;
				CLANG_WARN_DOCUMENTATION_COMMENTS = YES;
				CLANG_WARN_EMPTY_BODY = YES;
				CLANG_WARN_ENUM_CONVERSION = YES;
				CLANG_WARN_INFINITE_RECURSION = YES;
				CLANG_WARN_INT_CONVERSION = YES;
				CLANG_WARN_OBJC_ROOT_CLASS = YES_ERROR;
				CLANG_WARN_SUSPICIOUS_MOVE = YES;
				CLANG_WARN_UNREACHABLE_CODE = YES;
				CLANG_WARN__DUPLICATE_METHOD_MATCH = YES;
				"CODE_SIGN_IDENTITY[sdk=iphoneos*]" = "iPhone Developer";
				COPY_PHASE_STRIP = NO;
				DEBUG_INFORMATION_FORMAT = dwarf;
				ENABLE_STRICT_OBJC_MSGSEND = YES;
				ENABLE_TESTABILITY = YES;
				GCC_C_LANGUAGE_STANDARD = gnu99;
				GCC_DYNAMIC_NO_PIC = NO;
				GCC_NO_COMMON_BLOCKS = YES;
				GCC_OPTIMIZATION_LEVEL = 0;
				GCC_PREPROCESSOR_DEFINITIONS = (
					"DEBUG=1",
					"$(inherited)",
				);
				GCC_WARN_64_TO_32_BIT_CONVERSION = YES;
				GCC_WARN_ABOUT_RETURN_TYPE = YES_ERROR;
				GCC_WARN_UNDECLARED_SELECTOR = YES;
				GCC_WARN_UNINITIALIZED_AUTOS = YES_AGGRESSIVE;
				GCC_WARN_UNUSED_FUNCTION = YES;
				GCC_WARN_UNUSED_VARIABLE = YES;
				IPHONEOS_DEPLOYMENT_TARGET = 10.3;
				MTL_ENABLE_DEBUG_INFO = YES;
				ONLY_ACTIVE_ARCH = YES;
				SDKROOT = iphoneos;
				SWIFT_ACTIVE_COMPILATION_CONDITIONS = DEBUG;
				SWIFT_OPTIMIZATION_LEVEL = "-Onone";
				TARGETED_DEVICE_FAMILY = "1,2";
			};
			name = Debug;
		};
		29E1F8301F65E15700DF7BD8 /* Release */ = {
			isa = XCBuildConfiguration;
			buildSettings = {
				ALWAYS_SEARCH_USER_PATHS = NO;
				CLANG_ANALYZER_NONNULL = YES;
				CLANG_ANALYZER_NUMBER_OBJECT_CONVERSION = YES_AGGRESSIVE;
				CLANG_CXX_LANGUAGE_STANDARD = "gnu++0x";
				CLANG_CXX_LIBRARY = "libc++";
				CLANG_ENABLE_MODULES = YES;
				CLANG_ENABLE_OBJC_ARC = YES;
				CLANG_WARN_BOOL_CONVERSION = YES;
				CLANG_WARN_CONSTANT_CONVERSION = YES;
				CLANG_WARN_DIRECT_OBJC_ISA_USAGE = YES_ERROR;
				CLANG_WARN_DOCUMENTATION_COMMENTS = YES;
				CLANG_WARN_EMPTY_BODY = YES;
				CLANG_WARN_ENUM_CONVERSION = YES;
				CLANG_WARN_INFINITE_RECURSION = YES;
				CLANG_WARN_INT_CONVERSION = YES;
				CLANG_WARN_OBJC_ROOT_CLASS = YES_ERROR;
				CLANG_WARN_SUSPICIOUS_MOVE = YES;
				CLANG_WARN_UNREACHABLE_CODE = YES;
				CLANG_WARN__DUPLICATE_METHOD_MATCH = YES;
				"CODE_SIGN_IDENTITY[sdk=iphoneos*]" = "iPhone Developer";
				COPY_PHASE_STRIP = NO;
				DEBUG_INFORMATION_FORMAT = "dwarf-with-dsym";
				ENABLE_NS_ASSERTIONS = NO;
				ENABLE_STRICT_OBJC_MSGSEND = YES;
				GCC_C_LANGUAGE_STANDARD = gnu99;
				GCC_NO_COMMON_BLOCKS = YES;
				GCC_WARN_64_TO_32_BIT_CONVERSION = YES;
				GCC_WARN_ABOUT_RETURN_TYPE = YES_ERROR;
				GCC_WARN_UNDECLARED_SELECTOR = YES;
				GCC_WARN_UNINITIALIZED_AUTOS = YES_AGGRESSIVE;
				GCC_WARN_UNUSED_FUNCTION = YES;
				GCC_WARN_UNUSED_VARIABLE = YES;
				IPHONEOS_DEPLOYMENT_TARGET = 10.3;
				MTL_ENABLE_DEBUG_INFO = NO;
				SDKROOT = iphoneos;
				SWIFT_OPTIMIZATION_LEVEL = "-Owholemodule";
				TARGETED_DEVICE_FAMILY = "1,2";
				VALIDATE_PRODUCT = YES;
			};
			name = Release;
		};
		29E1F8321F65E15700DF7BD8 /* Debug */ = {
			isa = XCBuildConfiguration;
			buildSettings = {
				ASSETCATALOG_COMPILER_APPICON_NAME = AppIcon;
				DEVELOPMENT_TEAM = MWRAZYEL66;
				INFOPLIST_FILE = Project1/Info.plist;
				LD_RUNPATH_SEARCH_PATHS = "$(inherited) @executable_path/Frameworks";
				PRODUCT_BUNDLE_IDENTIFIER = com.schifano.Project1;
				PRODUCT_NAME = "$(TARGET_NAME)";
				SWIFT_VERSION = 3.0;
			};
			name = Debug;
		};
		29E1F8331F65E15700DF7BD8 /* Release */ = {
			isa = XCBuildConfiguration;
			buildSettings = {
				ASSETCATALOG_COMPILER_APPICON_NAME = AppIcon;
				DEVELOPMENT_TEAM = MWRAZYEL66;
				INFOPLIST_FILE = Project1/Info.plist;
				LD_RUNPATH_SEARCH_PATHS = "$(inherited) @executable_path/Frameworks";
				PRODUCT_BUNDLE_IDENTIFIER = com.schifano.Project1;
				PRODUCT_NAME = "$(TARGET_NAME)";
				SWIFT_VERSION = 3.0;
			};
			name = Release;
		};
/* End XCBuildConfiguration section */

/* Begin XCConfigurationList section */
		29E1F81A1F65E15700DF7BD8 /* Build configuration list for PBXProject "Project1" */ = {
			isa = XCConfigurationList;
			buildConfigurations = (
				29E1F82F1F65E15700DF7BD8 /* Debug */,
				29E1F8301F65E15700DF7BD8 /* Release */,
			);
			defaultConfigurationIsVisible = 0;
			defaultConfigurationName = Release;
		};
		29E1F8311F65E15700DF7BD8 /* Build configuration list for PBXNativeTarget "Project1" */ = {
			isa = XCConfigurationList;
			buildConfigurations = (
				29E1F8321F65E15700DF7BD8 /* Debug */,
				29E1F8331F65E15700DF7BD8 /* Release */,
			);
			defaultConfigurationIsVisible = 0;
			defaultConfigurationName = Release;
		};
/* End XCConfigurationList section */
	};
	rootObject = 29E1F8171F65E15700DF7BD8 /* Project object */;
}
